# DO NOT EDIT MANUALLY - Managed by Fern Replay
version: "1.0"
generations:
  - commit_sha: 8e4188f42a24548a48909a7d8020afe1f7c4f387
    tree_hash: 940598c8118e7703b7001a1efcffb07842a73cbf
    timestamp: 2026-07-03T12:03:55.939Z
    cli_version: unknown
    generator_versions: {}
current_generation: 8e4188f42a24548a48909a7d8020afe1f7c4f387
patches: []
