# DO NOT EDIT MANUALLY - Managed by Fern Replay
version: "1.0"
generations:
  - commit_sha: 8e4188f42a24548a48909a7d8020afe1f7c4f387
    tree_hash: 940598c8118e7703b7001a1efcffb07842a73cbf
    timestamp: 2026-07-03T12:03:55.939Z
    cli_version: unknown
    generator_versions: {}
  - commit_sha: 49592079a9952ff808ff5ea275d11c30b8e3003e
    tree_hash: 836d29692e7c82ed24707aeae1c7a53b5715b9a6
    timestamp: 2026-08-10T15:15:49.749Z
    cli_version: unknown
    generator_versions:
      fernapi/fern-python-sdk: 4.64.1
current_generation: 49592079a9952ff808ff5ea275d11c30b8e3003e
patches: []
